
Microsoft Visual Studio Solution File, Format Version 12.00
# Visual Studio Version 17
VisualStudioVersion = 17.10.35004.147
MinimumVisualStudioVersion = 10.0.40219.1
Project("{9A19103F-16F7-4668-BE54-9A1E7A4F7556}") = "Tasksample", "Tasksample\Tasksample.csproj", "{F78217FC-4A58-4250-9FDA-9A13817F2383}"
EndProject
Project("{FAE04EC0-301F-11D3-BF4B-00C04F79EFBC}") = "ClassLibrary", "ClassLibrary\ClassLibrary.csproj", "{47DCB54E-0D19-44C9-8C01-8C34E3ED32F3}"
EndProject
Global
	GlobalSection(SolutionConfigurationPlatforms) = preSolution
		Debug|Any CPU = Debug|Any CPU
		Release|Any CPU = Release|Any CPU
	EndGlobalSection
	GlobalSection(ProjectConfigurationPlatforms) = postSolution
		{F78217FC-4A58-4250-9FDA-9A13817F2383}.Debug|Any CPU.ActiveCfg = Debug|Any CPU
		{F78217FC-4A58-4250-9FDA-9A13817F2383}.Debug|Any CPU.Build.0 = Debug|Any CPU
		{F78217FC-4A58-4250-9FDA-9A13817F2383}.Release|Any CPU.ActiveCfg = Release|Any CPU
		{F78217FC-4A58-4250-9FDA-9A13817F2383}.Release|Any CPU.Build.0 = Release|Any CPU
		{47DCB54E-0D19-44C9-8C01-8C34E3ED32F3}.Debug|Any CPU.ActiveCfg = Debug|Any CPU
		{47DCB54E-0D19-44C9-8C01-8C34E3ED32F3}.Debug|Any CPU.Build.0 = Debug|Any CPU
		{47DCB54E-0D19-44C9-8C01-8C34E3ED32F3}.Release|Any CPU.ActiveCfg = Release|Any CPU
		{47DCB54E-0D19-44C9-8C01-8C34E3ED32F3}.Release|Any CPU.Build.0 = Release|Any CPU
	EndGlobalSection
	GlobalSection(SolutionProperties) = preSolution
		HideSolutionNode = FALSE
	EndGlobalSection
	GlobalSection(ExtensibilityGlobals) = postSolution
		SolutionGuid = {EB358172-6207-4142-A2F5-CDA464DE5DD1}
	EndGlobalSection
EndGlobal
